
Microsoft Visual Studio Solution File, Format Version 12.00
# Visual Studio Version 17
VisualStudioVersion = 17.7.34221.43
MinimumVisualStudioVersion = 10.0.40219.1
Project("{FAE04EC0-301F-11D3-BF4B-00C04F79EFBC}") = "ThinSaber", "ThinSaber\ThinSaber.csproj", "{82C94D48-B1AB-49CC-BD4F-DEB055DC9DE8}"
EndProject
Project("{2150E333-8FDC-42A3-9474-1A3956D46DE8}") = "Solution Items", "Solution Items", "{BCED016E-B551-489C-BCC7-099A25499780}"
EndProject
Global
	GlobalSection(SolutionConfigurationPlatforms) = preSolution
		Debug|Any CPU = Debug|Any CPU
		Release|Any CPU = Release|Any CPU
	EndGlobalSection
	GlobalSection(ProjectConfigurationPlatforms) = postSolution
		{82C94D48-B1AB-49CC-BD4F-DEB055DC9DE8}.Debug|Any CPU.ActiveCfg = Debug|Any CPU
		{82C94D48-B1AB-49CC-BD4F-DEB055DC9DE8}.Debug|Any CPU.Build.0 = Debug|Any CPU
		{82C94D48-B1AB-49CC-BD4F-DEB055DC9DE8}.Release|Any CPU.ActiveCfg = Release|Any CPU
		{82C94D48-B1AB-49CC-BD4F-DEB055DC9DE8}.Release|Any CPU.Build.0 = Release|Any CPU
	EndGlobalSection
	GlobalSection(SolutionProperties) = preSolution
		HideSolutionNode = FALSE
	EndGlobalSection
	GlobalSection(ExtensibilityGlobals) = postSolution
		SolutionGuid = {5E9E5619-9AF1-45F2-BB6B-AB17A9BD9FEF}
	EndGlobalSection
EndGlobal
